{
  "name": "frontend",
  "lockfileVersion": 2,
  "requires": true,
  "packages": {
    "": {
      "devDependencies": {
        "esbuild": "^0.11.17",
        "esbuild-svelte": "^0.5.0",
        "postcss": "^8.2.13",
        "svelte-preprocess": "^4.7.2",
        "ts-node": "^9.1.1"
      }
    },
    "node_modules/@types/node": {
      "version": "15.0.1",
      "resolved": "https://registry.npmjs.org/@types/node/-/node-15.0.1.tgz",
      "integrity": "sha512-TMkXt0Ck1y0KKsGr9gJtWGjttxlZnnvDtphxUOSd0bfaR6Q1jle+sPvrzNR1urqYTWMinoKvjKfXUGsumaO1PA==",
      "dev": true
    },
    "node_modules/@types/pug": {
      "version": "2.0.4",
      "resolved": "https://registry.npmjs.org/@types/pug/-/pug-2.0.4.tgz",
      "integrity": "sha1-h3L80EGOPNLMFxVV1zAHQVBR9LI=",
      "dev": true
    },
    "node_modules/@types/sass": {
      "version": "1.16.0",
      "resolved": "https://registry.npmjs.org/@types/sass/-/sass-1.16.0.tgz",
      "integrity": "sha512-2XZovu4NwcqmtZtsBR5XYLw18T8cBCnU2USFHTnYLLHz9fkhnoEMoDsqShJIOFsFhn5aJHjweiUUdTrDGujegA==",
      "dev": true,
      "dependencies": {
        "@types/node": "*"
      }
    },
    "node_modules/arg": {
      "version": "4.1.3",
      "resolved": "https://registry.npmjs.org/arg/-/arg-4.1.3.tgz",
      "integrity": "sha512-58S9QDqG0Xx27YwPSt9fJxivjYl432YCwfDMfZ+71RAqUrZef7LrKQZ3LHLOwCS4FLNBplP533Zx895SeOCHvA==",
      "dev": true
    },
    "node_modules/buffer-from": {
      "version": "1.1.1",
      "resolved": "https://registry.npmjs.org/buffer-from/-/buffer-from-1.1.1.tgz",
      "integrity": "sha512-MQcXEUbCKtEo7bhqEs6560Hyd4XaovZlO/k9V3hjVUF/zwW7KBVdSK4gIt/bzwS9MbR5qob+F5jusZsb0YQK2A==",
      "dev": true
    },
    "node_modules/colorette": {
      "version": "1.2.2",
      "resolved": "https://registry.npmjs.org/colorette/-/colorette-1.2.2.tgz",
      "integrity": "sha512-MKGMzyfeuutC/ZJ1cba9NqcNpfeqMUcYmyF1ZFY6/Cn7CNSAKx6a+s48sqLqyAiZuaP2TcqMhoo+dlwFnVxT9w==",
      "dev": true
    },
    "node_modules/create-require": {
      "version": "1.1.1",
      "resolved": "https://registry.npmjs.org/create-require/-/create-require-1.1.1.tgz",
      "integrity": "sha512-dcKFX3jn0MpIaXjisoRvexIJVEKzaq7z2rZKxf+MSr9TkdmHmsU4m2lcLojrj/FHl8mk5VxMmYA+ftRkP/3oKQ==",
      "dev": true
    },
    "node_modules/detect-indent": {
      "version": "6.0.0",
      "resolved": "https://registry.npmjs.org/detect-indent/-/detect-indent-6.0.0.tgz",
      "integrity": "sha512-oSyFlqaTHCItVRGK5RmrmjB+CmaMOW7IaNA/kdxqhoa6d17j/5ce9O9eWXmV/KEdRwqpQA+Vqe8a8Bsybu4YnA==",
      "dev": true,
      "engines": {
        "node": ">=8"
      }
    },
    "node_modules/diff": {
      "version": "4.0.2",
      "resolved": "https://registry.npmjs.org/diff/-/diff-4.0.2.tgz",
      "integrity": "sha512-58lmxKSA4BNyLz+HHMUzlOEpg09FV+ev6ZMe3vJihgdxzgcwZ8VoEEPmALCZG9LmqfVoNMMKpttIYTVG6uDY7A==",
      "dev": true,
      "engines": {
        "node": ">=0.3.1"
      }
    },
    "node_modules/esbuild": {
      "version": "0.11.17",
      "resolved": "https://registry.npmjs.org/esbuild/-/esbuild-0.11.17.tgz",
      "integrity": "sha512-Yj+rQATpLLU36ymg0/laLXn9FUoiGUl7mDPUJ0toQ5nXKFrj/rmIEkQ34T1GeiV2cP2SrT0G0s7xiNuDcsIyBg==",
      "dev": true,
      "hasInstallScript": true,
      "bin": {
        "esbuild": "bin/esbuild"
      }
    },
    "node_modules/esbuild-svelte": {
      "version": "0.5.0",
      "resolved": "https://registry.npmjs.org/esbuild-svelte/-/esbuild-svelte-0.5.0.tgz",
      "integrity": "sha512-fv5lYO4Ryqp7Qoiz7ScIiCLmWbED7T+GHec++uaQFd4UHf5dgMBn57JNNdYdw+Ix9KPR215s45+g8MCO9o2fIg==",
      "dev": true,
      "dependencies": {
        "svelte": "^3.38.0"
      },
      "peerDependencies": {
        "esbuild": ">=0.9.6"
      }
    },
    "node_modules/make-error": {
      "version": "1.3.6",
      "resolved": "https://registry.npmjs.org/make-error/-/make-error-1.3.6.tgz",
      "integrity": "sha512-s8UhlNe7vPKomQhC1qFelMokr/Sc3AgNbso3n74mVPA5LTZwkB9NlXf4XPamLxJE8h0gh73rM94xvwRT2CVInw==",
      "dev": true
    },
    "node_modules/min-indent": {
      "version": "1.0.1",
      "resolved": "https://registry.npmjs.org/min-indent/-/min-indent-1.0.1.tgz",
      "integrity": "sha512-I9jwMn07Sy/IwOj3zVkVik2JTvgpaykDZEigL6Rx6N9LbMywwUSMtxET+7lVoDLLd3O3IXwJwvuuns8UB/HeAg==",
      "dev": true,
      "engines": {
        "node": ">=4"
      }
    },
    "node_modules/nanoid": {
      "version": "3.1.22",
      "resolved": "https://registry.npmjs.org/nanoid/-/nanoid-3.1.22.tgz",
      "integrity": "sha512-/2ZUaJX2ANuLtTvqTlgqBQNJoQO398KyJgZloL0PZkC0dpysjncRUPsFe3DUPzz/y3h+u7C46np8RMuvF3jsSQ==",
      "dev": true,
      "bin": {
        "nanoid": "bin/nanoid.cjs"
      },
      "engines": {
        "node": "^10 || ^12 || ^13.7 || ^14 || >=15.0.1"
      }
    },
    "node_modules/postcss": {
      "version": "8.2.13",
      "resolved": "https://registry.npmjs.org/postcss/-/postcss-8.2.13.tgz",
      "integrity": "sha512-FCE5xLH+hjbzRdpbRb1IMCvPv9yZx2QnDarBEYSN0N0HYk+TcXsEhwdFcFb+SRWOKzKGErhIEbBK2ogyLdTtfQ==",
      "dev": true,
      "dependencies": {
        "colorette": "^1.2.2",
        "nanoid": "^3.1.22",
        "source-map": "^0.6.1"
      },
      "engines": {
        "node": "^10 || ^12 || >=14"
      },
      "funding": {
        "type": "opencollective",
        "url": "https://opencollective.com/postcss/"
      }
    },
    "node_modules/source-map": {
      "version": "0.6.1",
      "resolved": "https://registry.npmjs.org/source-map/-/source-map-0.6.1.tgz",
      "integrity": "sha512-UjgapumWlbMhkBgzT7Ykc5YXUT46F0iKu8SGXq0bcwP5dz/h0Plj6enJqjz1Zbq2l5WaqYnrVbwWOWMyF3F47g==",
      "dev": true,
      "engines": {
        "node": ">=0.10.0"
      }
    },
    "node_modules/source-map-support": {
      "version": "0.5.19",
      "resolved": "https://registry.npmjs.org/source-map-support/-/source-map-support-0.5.19.tgz",
      "integrity": "sha512-Wonm7zOCIJzBGQdB+thsPar0kYuCIzYvxZwlBa87yi/Mdjv7Tip2cyVbLj5o0cFPN4EVkuTwb3GDDyUx2DGnGw==",
      "dev": true,
      "dependencies": {
        "buffer-from": "^1.0.0",
        "source-map": "^0.6.0"
      }
    },
    "node_modules/strip-indent": {
      "version": "3.0.0",
      "resolved": "https://registry.npmjs.org/strip-indent/-/strip-indent-3.0.0.tgz",
      "integrity": "sha512-laJTa3Jb+VQpaC6DseHhF7dXVqHTfJPCRDaEbid/drOhgitgYku/letMUqOXFoWV0zIIUbjpdH2t+tYj4bQMRQ==",
      "dev": true,
      "dependencies": {
        "min-indent": "^1.0.0"
      },
      "engines": {
        "node": ">=8"
      }
    },
    "node_modules/svelte": {
      "version": "3.38.1",
      "resolved": "https://registry.npmjs.org/svelte/-/svelte-3.38.1.tgz",
      "integrity": "sha512-N3XLAyfzqrFxwRLevBeW7Dke9ZlHRVGSIed5abo4Drvj+zvd2OyWpFa1x4nQUc8Lnvt4Kcn8/5le1peRDybNqg==",
      "dev": true,
      "engines": {
        "node": ">= 8"
      }
    },
    "node_modules/svelte-preprocess": {
      "version": "4.7.2",
      "resolved": "https://registry.npmjs.org/svelte-preprocess/-/svelte-preprocess-4.7.2.tgz",
      "integrity": "sha512-EToG+08rEsA33btv+C5g2qnRArwpTc5AoU0QBB3ZEkYagxAb2yPNsy0qsmtvbJOTBMy6o3oyijDdl3DMpMvpEg==",
      "dev": true,
      "hasInstallScript": true,
      "dependencies": {
        "@types/pug": "^2.0.4",
        "@types/sass": "^1.16.0",
        "detect-indent": "^6.0.0",
        "strip-indent": "^3.0.0"
      },
      "engines": {
        "node": ">= 9.11.2"
      },
      "peerDependencies": {
        "@babel/core": "^7.10.2",
        "coffeescript": "^2.5.1",
        "less": "^3.11.3",
        "postcss": "^7 || ^8",
        "postcss-load-config": "^2.1.0 || ^3.0.0",
        "pug": "^3.0.0",
        "sass": "^1.26.8",
        "stylus": "^0.54.7",
        "sugarss": "^2.0.0",
        "svelte": "^3.23.0",
        "typescript": "^3.9.5 || ^4.0.0"
      },
      "peerDependenciesMeta": {
        "@babel/core": {
          "optional": true
        },
        "coffeescript": {
          "optional": true
        },
        "less": {
          "optional": true
        },
        "node-sass": {
          "optional": true
        },
        "postcss": {
          "optional": true
        },
        "postcss-load-config": {
          "optional": true
        },
        "pug": {
          "optional": true
        },
        "sass": {
          "optional": true
        },
        "stylus": {
          "optional": true
        },
        "sugarss": {
          "optional": true
        },
        "typescript": {
          "optional": true
        }
      }
    },
    "node_modules/ts-node": {
      "version": "9.1.1",
      "resolved": "https://registry.npmjs.org/ts-node/-/ts-node-9.1.1.tgz",
      "integrity": "sha512-hPlt7ZACERQGf03M253ytLY3dHbGNGrAq9qIHWUY9XHYl1z7wYngSr3OQ5xmui8o2AaxsONxIzjafLUiWBo1Fg==",
      "dev": true,
      "dependencies": {
        "arg": "^4.1.0",
        "create-require": "^1.1.0",
        "diff": "^4.0.1",
        "make-error": "^1.1.1",
        "source-map-support": "^0.5.17",
        "yn": "3.1.1"
      },
      "bin": {
        "ts-node": "dist/bin.js",
        "ts-node-script": "dist/bin-script.js",
        "ts-node-transpile-only": "dist/bin-transpile.js",
        "ts-script": "dist/bin-script-deprecated.js"
      },
      "engines": {
        "node": ">=10.0.0"
      },
      "peerDependencies": {
        "typescript": ">=2.7"
      }
    },
    "node_modules/typescript": {
      "version": "4.2.4",
      "resolved": "https://registry.npmjs.org/typescript/-/typescript-4.2.4.tgz",
      "integrity": "sha512-V+evlYHZnQkaz8TRBuxTA92yZBPotr5H+WhQ7bD3hZUndx5tGOa1fuCgeSjxAzM1RiN5IzvadIXTVefuuwZCRg==",
      "dev": true,
      "peer": true,
      "bin": {
        "tsc": "bin/tsc",
        "tsserver": "bin/tsserver"
      },
      "engines": {
        "node": ">=4.2.0"
      }
    },
    "node_modules/yn": {
      "version": "3.1.1",
      "resolved": "https://registry.npmjs.org/yn/-/yn-3.1.1.tgz",
      "integrity": "sha512-Ux4ygGWsu2c7isFWe8Yu1YluJmqVhxqK2cLXNQA5AcC3QfbGNpM7fu0Y8b/z16pXLnFxZYvWhd3fhBY9DLmC6Q==",
      "dev": true,
      "engines": {
        "node": ">=6"
      }
    }
  },
  "dependencies": {
    "@types/node": {
      "version": "15.0.1",
      "resolved": "https://registry.npmjs.org/@types/node/-/node-15.0.1.tgz",
      "integrity": "sha512-TMkXt0Ck1y0KKsGr9gJtWGjttxlZnnvDtphxUOSd0bfaR6Q1jle+sPvrzNR1urqYTWMinoKvjKfXUGsumaO1PA==",
      "dev": true
    },
    "@types/pug": {
      "version": "2.0.4",
      "resolved": "https://registry.npmjs.org/@types/pug/-/pug-2.0.4.tgz",
      "integrity": "sha1-h3L80EGOPNLMFxVV1zAHQVBR9LI=",
      "dev": true
    },
    "@types/sass": {
      "version": "1.16.0",
      "resolved": "https://registry.npmjs.org/@types/sass/-/sass-1.16.0.tgz",
      "integrity": "sha512-2XZovu4NwcqmtZtsBR5XYLw18T8cBCnU2USFHTnYLLHz9fkhnoEMoDsqShJIOFsFhn5aJHjweiUUdTrDGujegA==",
      "dev": true,
      "requires": {
        "@types/node": "*"
      }
    },
    "arg": {
      "version": "4.1.3",
      "resolved": "https://registry.npmjs.org/arg/-/arg-4.1.3.tgz",
      "integrity": "sha512-58S9QDqG0Xx27YwPSt9fJxivjYl432YCwfDMfZ+71RAqUrZef7LrKQZ3LHLOwCS4FLNBplP533Zx895SeOCHvA==",
      "dev": true
    },
    "buffer-from": {
      "version": "1.1.1",
      "resolved": "https://registry.npmjs.org/buffer-from/-/buffer-from-1.1.1.tgz",
      "integrity": "sha512-MQcXEUbCKtEo7bhqEs6560Hyd4XaovZlO/k9V3hjVUF/zwW7KBVdSK4gIt/bzwS9MbR5qob+F5jusZsb0YQK2A==",
      "dev": true
    },
    "colorette": {
      "version": "1.2.2",
      "resolved": "https://registry.npmjs.org/colorette/-/colorette-1.2.2.tgz",
      "integrity": "sha512-MKGMzyfeuutC/ZJ1cba9NqcNpfeqMUcYmyF1ZFY6/Cn7CNSAKx6a+s48sqLqyAiZuaP2TcqMhoo+dlwFnVxT9w==",
      "dev": true
    },
    "create-require": {
      "version": "1.1.1",
      "resolved": "https://registry.npmjs.org/create-require/-/create-require-1.1.1.tgz",
      "integrity": "sha512-dcKFX3jn0MpIaXjisoRvexIJVEKzaq7z2rZKxf+MSr9TkdmHmsU4m2lcLojrj/FHl8mk5VxMmYA+ftRkP/3oKQ==",
      "dev": true
    },
    "detect-indent": {
      "version": "6.0.0",
      "resolved": "https://registry.npmjs.org/detect-indent/-/detect-indent-6.0.0.tgz",
      "integrity": "sha512-oSyFlqaTHCItVRGK5RmrmjB+CmaMOW7IaNA/kdxqhoa6d17j/5ce9O9eWXmV/KEdRwqpQA+Vqe8a8Bsybu4YnA==",
      "dev": true
    },
    "diff": {
      "version": "4.0.2",
      "resolved": "https://registry.npmjs.org/diff/-/diff-4.0.2.tgz",
      "integrity": "sha512-58lmxKSA4BNyLz+HHMUzlOEpg09FV+ev6ZMe3vJihgdxzgcwZ8VoEEPmALCZG9LmqfVoNMMKpttIYTVG6uDY7A==",
      "dev": true
    },
    "esbuild": {
      "version": "0.11.17",
      "resolved": "https://registry.npmjs.org/esbuild/-/esbuild-0.11.17.tgz",
      "integrity": "sha512-Yj+rQATpLLU36ymg0/laLXn9FUoiGUl7mDPUJ0toQ5nXKFrj/rmIEkQ34T1GeiV2cP2SrT0G0s7xiNuDcsIyBg==",
      "dev": true
    },
    "esbuild-svelte": {
      "version": "0.5.0",
      "resolved": "https://registry.npmjs.org/esbuild-svelte/-/esbuild-svelte-0.5.0.tgz",
      "integrity": "sha512-fv5lYO4Ryqp7Qoiz7ScIiCLmWbED7T+GHec++uaQFd4UHf5dgMBn57JNNdYdw+Ix9KPR215s45+g8MCO9o2fIg==",
      "dev": true,
      "requires": {
        "svelte": "^3.38.0"
      }
    },
    "make-error": {
      "version": "1.3.6",
      "resolved": "https://registry.npmjs.org/make-error/-/make-error-1.3.6.tgz",
      "integrity": "sha512-s8UhlNe7vPKomQhC1qFelMokr/Sc3AgNbso3n74mVPA5LTZwkB9NlXf4XPamLxJE8h0gh73rM94xvwRT2CVInw==",
      "dev": true
    },
    "min-indent": {
      "version": "1.0.1",
      "resolved": "https://registry.npmjs.org/min-indent/-/min-indent-1.0.1.tgz",
      "integrity": "sha512-I9jwMn07Sy/IwOj3zVkVik2JTvgpaykDZEigL6Rx6N9LbMywwUSMtxET+7lVoDLLd3O3IXwJwvuuns8UB/HeAg==",
      "dev": true
    },
    "nanoid": {
      "version": "3.1.22",
      "resolved": "https://registry.npmjs.org/nanoid/-/nanoid-3.1.22.tgz",
      "integrity": "sha512-/2ZUaJX2ANuLtTvqTlgqBQNJoQO398KyJgZloL0PZkC0dpysjncRUPsFe3DUPzz/y3h+u7C46np8RMuvF3jsSQ==",
      "dev": true
    },
    "postcss": {
      "version": "8.2.13",
      "resolved": "https://registry.npmjs.org/postcss/-/postcss-8.2.13.tgz",
      "integrity": "sha512-FCE5xLH+hjbzRdpbRb1IMCvPv9yZx2QnDarBEYSN0N0HYk+TcXsEhwdFcFb+SRWOKzKGErhIEbBK2ogyLdTtfQ==",
      "dev": true,
      "requires": {
        "colorette": "^1.2.2",
        "nanoid": "^3.1.22",
        "source-map": "^0.6.1"
      }
    },
    "source-map": {
      "version": "0.6.1",
      "resolved": "https://registry.npmjs.org/source-map/-/source-map-0.6.1.tgz",
      "integrity": "sha512-UjgapumWlbMhkBgzT7Ykc5YXUT46F0iKu8SGXq0bcwP5dz/h0Plj6enJqjz1Zbq2l5WaqYnrVbwWOWMyF3F47g==",
      "dev": true
    },
    "source-map-support": {
      "version": "0.5.19",
      "resolved": "https://registry.npmjs.org/source-map-support/-/source-map-support-0.5.19.tgz",
      "integrity": "sha512-Wonm7zOCIJzBGQdB+thsPar0kYuCIzYvxZwlBa87yi/Mdjv7Tip2cyVbLj5o0cFPN4EVkuTwb3GDDyUx2DGnGw==",
      "dev": true,
      "requires": {
        "buffer-from": "^1.0.0",
        "source-map": "^0.6.0"
      }
    },
    "strip-indent": {
      "version": "3.0.0",
      "resolved": "https://registry.npmjs.org/strip-indent/-/strip-indent-3.0.0.tgz",
      "integrity": "sha512-laJTa3Jb+VQpaC6DseHhF7dXVqHTfJPCRDaEbid/drOhgitgYku/letMUqOXFoWV0zIIUbjpdH2t+tYj4bQMRQ==",
      "dev": true,
      "requires": {
        "min-indent": "^1.0.0"
      }
    },
    "svelte": {
      "version": "3.38.1",
      "resolved": "https://registry.npmjs.org/svelte/-/svelte-3.38.1.tgz",
      "integrity": "sha512-N3XLAyfzqrFxwRLevBeW7Dke9ZlHRVGSIed5abo4Drvj+zvd2OyWpFa1x4nQUc8Lnvt4Kcn8/5le1peRDybNqg==",
      "dev": true
    },
    "svelte-preprocess": {
      "version": "4.7.2",
      "resolved": "https://registry.npmjs.org/svelte-preprocess/-/svelte-preprocess-4.7.2.tgz",
      "integrity": "sha512-EToG+08rEsA33btv+C5g2qnRArwpTc5AoU0QBB3ZEkYagxAb2yPNsy0qsmtvbJOTBMy6o3oyijDdl3DMpMvpEg==",
      "dev": true,
      "requires": {
        "@types/pug": "^2.0.4",
        "@types/sass": "^1.16.0",
        "detect-indent": "^6.0.0",
        "strip-indent": "^3.0.0"
      }
    },
    "ts-node": {
      "version": "9.1.1",
      "resolved": "https://registry.npmjs.org/ts-node/-/ts-node-9.1.1.tgz",
      "integrity": "sha512-hPlt7ZACERQGf03M253ytLY3dHbGNGrAq9qIHWUY9XHYl1z7wYngSr3OQ5xmui8o2AaxsONxIzjafLUiWBo1Fg==",
      "dev": true,
      "requires": {
        "arg": "^4.1.0",
        "create-require": "^1.1.0",
        "diff": "^4.0.1",
        "make-error": "^1.1.1",
        "source-map-support": "^0.5.17",
        "yn": "3.1.1"
      }
    },
    "typescript": {
      "version": "4.2.4",
      "resolved": "https://registry.npmjs.org/typescript/-/typescript-4.2.4.tgz",
      "integrity": "sha512-V+evlYHZnQkaz8TRBuxTA92yZBPotr5H+WhQ7bD3hZUndx5tGOa1fuCgeSjxAzM1RiN5IzvadIXTVefuuwZCRg==",
      "dev": true,
      "peer": true
    },
    "yn": {
      "version": "3.1.1",
      "resolved": "https://registry.npmjs.org/yn/-/yn-3.1.1.tgz",
      "integrity": "sha512-Ux4ygGWsu2c7isFWe8Yu1YluJmqVhxqK2cLXNQA5AcC3QfbGNpM7fu0Y8b/z16pXLnFxZYvWhd3fhBY9DLmC6Q==",
      "dev": true
    }
  }
}
